Microsoft Visual Studio Solution File, Format Version 12.00
# Visual Studio Version 17
VisualStudioVersion = 17.5.2.0
MinimumVisualStudioVersion = 10.0.40219.1
Project("{FAE04EC0-301F-11D3-BF4B-00C04F79EFBC}") = "SuzerainLocMod", "SuzerainLocMod.csproj", "{3DBFCE10-F445-1482-477F-FB174B1896EF}"
EndProject
Global
	GlobalSection(SolutionConfigurationPlatforms) = preSolution
		Debug|Any CPU = Debug|Any CPU
		Release|Any CPU = Release|Any CPU
	EndGlobalSection
	GlobalSection(ProjectConfigurationPlatforms) = postSolution
		{3DBFCE10-F445-1482-477F-FB174B1896EF}.Debug|Any CPU.ActiveCfg = Debug|Any CPU
		{3DBFCE10-F445-1482-477F-FB174B1896EF}.Debug|Any CPU.Build.0 = Debug|Any CPU
		{3DBFCE10-F445-1482-477F-FB174B1896EF}.Release|Any CPU.ActiveCfg = Release|Any CPU
		{3DBFCE10-F445-1482-477F-FB174B1896EF}.Release|Any CPU.Build.0 = Release|Any CPU
	EndGlobalSection
	GlobalSection(SolutionProperties) = preSolution
		HideSolutionNode = FALSE
	EndGlobalSection
	GlobalSection(ExtensibilityGlobals) = postSolution
		SolutionGuid = {8338C165-12D3-4F0B-8B51-35C42B8712F1}
	EndGlobalSection
EndGlobal
